
Microsoft Visual Studio Solution File, Format Version 12.00
# Visual Studio Version 16
VisualStudioVersion = 16.0.29926.136
MinimumVisualStudioVersion = 10.0.40219.1
Project("{2150E333-8FDC-42A3-9474-1A3956D46DE8}") = "1 - Application", "1 - Application", "{8E66963F-7763-4842-8104-82900E8DC413}"
EndProject
Project("{2150E333-8FDC-42A3-9474-1A3956D46DE8}") = "2 - Domain", "2 - Domain", "{10F99368-4DC8-46E8-819E-2B03CAFB04BF}"
EndProject
Project("{2150E333-8FDC-42A3-9474-1A3956D46DE8}") = "3 - Service", "3 - Service", "{705F8399-1D09-475B-B916-D011A706C4D3}"
EndProject
Project("{2150E333-8FDC-42A3-9474-1A3956D46DE8}") = "4 - Infra", "4 - Infra", "{621E29D0-8D26-4742-B523-5C4217089949}"
EndProject
Project("{2150E333-8FDC-42A3-9474-1A3956D46DE8}") = "4.1 - Data", "4.1 - Data", "{22AD4FE5-724C-4914-BAAB-20CAFC9FBB05}"
EndProject
Project("{2150E333-8FDC-42A3-9474-1A3956D46DE8}") = "4.2 - CrossCutting", "4.2 - CrossCutting", "{FF69E2EF-A8AB-41F4-81CB-DD936FA14BD8}"
EndProject
Project("{9A19103F-16F7-4668-BE54-9A1E7A4F7556}") = "Aurora.Application", "Aurora.Application\Aurora.Application.csproj", "{A5C7D9EB-1FC7-4169-B6FB-86D7F909AABE}"
EndProject
Project("{9A19103F-16F7-4668-BE54-9A1E7A4F7556}") = "Aurora.Domain", "Aurora.Domain\Aurora.Domain.csproj", "{4F925C30-87F8-4D1A-8794-7267D9B22072}"
EndProject
Project("{9A19103F-16F7-4668-BE54-9A1E7A4F7556}") = "Aurora.Service", "Aurora.Service\Aurora.Service.csproj", "{F0F76DA1-0C46-4A19-A18A-9397C4519DA6}"
EndProject
Project("{9A19103F-16F7-4668-BE54-9A1E7A4F7556}") = "Aurora.Infra.Data", "Aurora.Infra.Data\Aurora.Infra.Data.csproj", "{8695D5D0-0D56-4B00-8944-AA25F3B0C0B4}"
EndProject
Project("{9A19103F-16F7-4668-BE54-9A1E7A4F7556}") = "Aurora.Infra.CrossCutting", "Aurora.Infra.CrossCutting\Aurora.Infra.CrossCutting.csproj", "{DB868361-86CD-4264-9B13-35F6DD2CC9C2}"
EndProject
Project("{2150E333-8FDC-42A3-9474-1A3956D46DE8}") = "Solution Items", "Solution Items", "{5157F80E-AD2A-4300-AD5D-1863876512DF}"
	ProjectSection(SolutionItems) = preProject
		README.md = README.md
	EndProjectSection
EndProject
Project("{2150E333-8FDC-42A3-9474-1A3956D46DE8}") = "src", "src", "{8531BBFD-F438-49C8-9AEC-68EC26A1E659}"
EndProject
Project("{2150E333-8FDC-42A3-9474-1A3956D46DE8}") = "4.3 - Shared", "4.3 - Shared", "{6B706DC0-D1F2-413A-A5FD-E46F93428C4E}"
EndProject
Project("{9A19103F-16F7-4668-BE54-9A1E7A4F7556}") = "Infra.Shared", "Infra.Shared\Infra.Shared.csproj", "{EA5E2635-1195-4815-86F7-1B2781668877}"
EndProject
Project("{2150E333-8FDC-42A3-9474-1A3956D46DE8}") = "test", "test", "{5CC16B47-9050-4A7D-977B-9C53756B09EF}"
EndProject
Project("{9A19103F-16F7-4668-BE54-9A1E7A4F7556}") = "Aurora.IntegrationTests", "Aurora.IntegrationTests\Aurora.IntegrationTests.csproj", "{7DE45DAE-DB07-48FB-846F-8F4F46C3AE1C}"
EndProject
Global
	GlobalSection(SolutionConfigurationPlatforms) = preSolution
		Debug|Any CPU = Debug|Any CPU
		Release|Any CPU = Release|Any CPU
	EndGlobalSection
	GlobalSection(ProjectConfigurationPlatforms) = postSolution
		{A5C7D9EB-1FC7-4169-B6FB-86D7F909AABE}.Debug|Any CPU.ActiveCfg = Debug|Any CPU
		{A5C7D9EB-1FC7-4169-B6FB-86D7F909AABE}.Debug|Any CPU.Build.0 = Debug|Any CPU
		{A5C7D9EB-1FC7-4169-B6FB-86D7F909AABE}.Release|Any CPU.ActiveCfg = Release|Any CPU
		{A5C7D9EB-1FC7-4169-B6FB-86D7F909AABE}.Release|Any CPU.Build.0 = Release|Any CPU
		{4F925C30-87F8-4D1A-8794-7267D9B22072}.Debug|Any CPU.ActiveCfg = Debug|Any CPU
		{4F925C30-87F8-4D1A-8794-7267D9B22072}.Debug|Any CPU.Build.0 = Debug|Any CPU
		{4F925C30-87F8-4D1A-8794-7267D9B22072}.Release|Any CPU.ActiveCfg = Release|Any CPU
		{4F925C30-87F8-4D1A-8794-7267D9B22072}.Release|Any CPU.Build.0 = Release|Any CPU
		{F0F76DA1-0C46-4A19-A18A-9397C4519DA6}.Debug|Any CPU.ActiveCfg = Debug|Any CPU
		{F0F76DA1-0C46-4A19-A18A-9397C4519DA6}.Debug|Any CPU.Build.0 = Debug|Any CPU
		{F0F76DA1-0C46-4A19-A18A-9397C4519DA6}.Release|Any CPU.ActiveCfg = Release|Any CPU
		{F0F76DA1-0C46-4A19-A18A-9397C4519DA6}.Release|Any CPU.Build.0 = Release|Any CPU
		{8695D5D0-0D56-4B00-8944-AA25F3B0C0B4}.Debug|Any CPU.ActiveCfg = Debug|Any CPU
		{8695D5D0-0D56-4B00-8944-AA25F3B0C0B4}.Debug|Any CPU.Build.0 = Debug|Any CPU
		{8695D5D0-0D56-4B00-8944-AA25F3B0C0B4}.Release|Any CPU.ActiveCfg = Release|Any CPU
		{8695D5D0-0D56-4B00-8944-AA25F3B0C0B4}.Release|Any CPU.Build.0 = Release|Any CPU
		{DB868361-86CD-4264-9B13-35F6DD2CC9C2}.Debug|Any CPU.ActiveCfg = Debug|Any CPU
		{DB868361-86CD-4264-9B13-35F6DD2CC9C2}.Debug|Any CPU.Build.0 = Debug|Any CPU
		{DB868361-86CD-4264-9B13-35F6DD2CC9C2}.Release|Any CPU.ActiveCfg = Release|Any CPU
		{DB868361-86CD-4264-9B13-35F6DD2CC9C2}.Release|Any CPU.Build.0 = Release|Any CPU
		{EA5E2635-1195-4815-86F7-1B2781668877}.Debug|Any CPU.ActiveCfg = Debug|Any CPU
		{EA5E2635-1195-4815-86F7-1B2781668877}.Debug|Any CPU.Build.0 = Debug|Any CPU
		{EA5E2635-1195-4815-86F7-1B2781668877}.Release|Any CPU.ActiveCfg = Release|Any CPU
		{EA5E2635-1195-4815-86F7-1B2781668877}.Release|Any CPU.Build.0 = Release|Any CPU
		{7DE45DAE-DB07-48FB-846F-8F4F46C3AE1C}.Debug|Any CPU.ActiveCfg = Debug|Any CPU
		{7DE45DAE-DB07-48FB-846F-8F4F46C3AE1C}.Debug|Any CPU.Build.0 = Debug|Any CPU
		{7DE45DAE-DB07-48FB-846F-8F4F46C3AE1C}.Release|Any CPU.ActiveCfg = Release|Any CPU
		{7DE45DAE-DB07-48FB-846F-8F4F46C3AE1C}.Release|Any CPU.Build.0 = Release|Any CPU
	EndGlobalSection
	GlobalSection(SolutionProperties) = preSolution
		HideSolutionNode = FALSE
	EndGlobalSection
	GlobalSection(NestedProjects) = preSolution
		{8E66963F-7763-4842-8104-82900E8DC413} = {8531BBFD-F438-49C8-9AEC-68EC26A1E659}
		{10F99368-4DC8-46E8-819E-2B03CAFB04BF} = {8531BBFD-F438-49C8-9AEC-68EC26A1E659}
		{705F8399-1D09-475B-B916-D011A706C4D3} = {8531BBFD-F438-49C8-9AEC-68EC26A1E659}
		{621E29D0-8D26-4742-B523-5C4217089949} = {8531BBFD-F438-49C8-9AEC-68EC26A1E659}
		{22AD4FE5-724C-4914-BAAB-20CAFC9FBB05} = {621E29D0-8D26-4742-B523-5C4217089949}
		{FF69E2EF-A8AB-41F4-81CB-DD936FA14BD8} = {621E29D0-8D26-4742-B523-5C4217089949}
		{A5C7D9EB-1FC7-4169-B6FB-86D7F909AABE} = {8E66963F-7763-4842-8104-82900E8DC413}
		{4F925C30-87F8-4D1A-8794-7267D9B22072} = {10F99368-4DC8-46E8-819E-2B03CAFB04BF}
		{F0F76DA1-0C46-4A19-A18A-9397C4519DA6} = {705F8399-1D09-475B-B916-D011A706C4D3}
		{8695D5D0-0D56-4B00-8944-AA25F3B0C0B4} = {22AD4FE5-724C-4914-BAAB-20CAFC9FBB05}
		{DB868361-86CD-4264-9B13-35F6DD2CC9C2} = {FF69E2EF-A8AB-41F4-81CB-DD936FA14BD8}
		{6B706DC0-D1F2-413A-A5FD-E46F93428C4E} = {621E29D0-8D26-4742-B523-5C4217089949}
		{EA5E2635-1195-4815-86F7-1B2781668877} = {6B706DC0-D1F2-413A-A5FD-E46F93428C4E}
		{7DE45DAE-DB07-48FB-846F-8F4F46C3AE1C} = {5CC16B47-9050-4A7D-977B-9C53756B09EF}
	EndGlobalSection
	GlobalSection(ExtensibilityGlobals) = postSolution
		SolutionGuid = {C9DD0472-EB5E-434B-BEC5-8C72763D9567}
	EndGlobalSection
EndGlobal
