
Microsoft Visual Studio Solution File, Format Version 12.00
# Visual Studio Version 17
VisualStudioVersion = 17.1.31911.260
MinimumVisualStudioVersion = 10.0.40219.1
Project("{2150E333-8FDC-42A3-9474-1A3956D46DE8}") = "src", "src", "{79D196F6-144B-46FB-B9E2-79A693C6B30C}"
EndProject
Project("{2150E333-8FDC-42A3-9474-1A3956D46DE8}") = "Core", "Core", "{E7FBB2D8-D595-430A-91DE-AA41C2F338FA}"
EndProject
Project("{9A19103F-16F7-4668-BE54-9A1E7A4F7556}") = "Application", "src\Core\Application\Application.csproj", "{746926F7-0587-48D0-B98B-54BAE03887CB}"
EndProject
Project("{9A19103F-16F7-4668-BE54-9A1E7A4F7556}") = "Domain", "src\Core\Domain\Domain.csproj", "{5F0379BC-523B-4D03-8C9A-0355B97BFC3F}"
EndProject
Project("{2150E333-8FDC-42A3-9474-1A3956D46DE8}") = "Adapters", "Adapters", "{CF4BB0D4-5968-48CE-8891-299CB1242233}"
EndProject
Project("{2150E333-8FDC-42A3-9474-1A3956D46DE8}") = "Driving", "Driving", "{4F46447A-857A-4655-92A0-0BBBBE195B7E}"
EndProject
Project("{9A19103F-16F7-4668-BE54-9A1E7A4F7556}") = "WebApi", "src\Adapters\Driving\WebApi\WebApi.csproj", "{2BAA668C-3B0B-46DB-9792-448CD7D79BB7}"
EndProject
Project("{2150E333-8FDC-42A3-9474-1A3956D46DE8}") = "Driven", "Driven", "{7E45F5FB-9948-4114-A0D3-0B00F0E176C3}"
EndProject
Project("{9A19103F-16F7-4668-BE54-9A1E7A4F7556}") = "DataBase.Mongo", "src\Adapters\Driven\Database.Mongo\DataBase.Mongo.csproj", "{25E1800D-3FF5-4BB8-96A2-F7594E1A1E57}"
EndProject
Global
	GlobalSection(SolutionConfigurationPlatforms) = preSolution
		Debug|Any CPU = Debug|Any CPU
		Release|Any CPU = Release|Any CPU
	EndGlobalSection
	GlobalSection(ProjectConfigurationPlatforms) = postSolution
		{746926F7-0587-48D0-B98B-54BAE03887CB}.Debug|Any CPU.ActiveCfg = Debug|Any CPU
		{746926F7-0587-48D0-B98B-54BAE03887CB}.Debug|Any CPU.Build.0 = Debug|Any CPU
		{746926F7-0587-48D0-B98B-54BAE03887CB}.Release|Any CPU.ActiveCfg = Release|Any CPU
		{746926F7-0587-48D0-B98B-54BAE03887CB}.Release|Any CPU.Build.0 = Release|Any CPU
		{5F0379BC-523B-4D03-8C9A-0355B97BFC3F}.Debug|Any CPU.ActiveCfg = Debug|Any CPU
		{5F0379BC-523B-4D03-8C9A-0355B97BFC3F}.Debug|Any CPU.Build.0 = Debug|Any CPU
		{5F0379BC-523B-4D03-8C9A-0355B97BFC3F}.Release|Any CPU.ActiveCfg = Release|Any CPU
		{5F0379BC-523B-4D03-8C9A-0355B97BFC3F}.Release|Any CPU.Build.0 = Release|Any CPU
		{2BAA668C-3B0B-46DB-9792-448CD7D79BB7}.Debug|Any CPU.ActiveCfg = Debug|Any CPU
		{2BAA668C-3B0B-46DB-9792-448CD7D79BB7}.Debug|Any CPU.Build.0 = Debug|Any CPU
		{2BAA668C-3B0B-46DB-9792-448CD7D79BB7}.Release|Any CPU.ActiveCfg = Release|Any CPU
		{2BAA668C-3B0B-46DB-9792-448CD7D79BB7}.Release|Any CPU.Build.0 = Release|Any CPU
		{25E1800D-3FF5-4BB8-96A2-F7594E1A1E57}.Debug|Any CPU.ActiveCfg = Debug|Any CPU
		{25E1800D-3FF5-4BB8-96A2-F7594E1A1E57}.Debug|Any CPU.Build.0 = Debug|Any CPU
		{25E1800D-3FF5-4BB8-96A2-F7594E1A1E57}.Release|Any CPU.ActiveCfg = Release|Any CPU
		{25E1800D-3FF5-4BB8-96A2-F7594E1A1E57}.Release|Any CPU.Build.0 = Release|Any CPU
	EndGlobalSection
	GlobalSection(SolutionProperties) = preSolution
		HideSolutionNode = FALSE
	EndGlobalSection
	GlobalSection(NestedProjects) = preSolution
		{E7FBB2D8-D595-430A-91DE-AA41C2F338FA} = {79D196F6-144B-46FB-B9E2-79A693C6B30C}
		{746926F7-0587-48D0-B98B-54BAE03887CB} = {E7FBB2D8-D595-430A-91DE-AA41C2F338FA}
		{5F0379BC-523B-4D03-8C9A-0355B97BFC3F} = {E7FBB2D8-D595-430A-91DE-AA41C2F338FA}
		{CF4BB0D4-5968-48CE-8891-299CB1242233} = {79D196F6-144B-46FB-B9E2-79A693C6B30C}
		{4F46447A-857A-4655-92A0-0BBBBE195B7E} = {CF4BB0D4-5968-48CE-8891-299CB1242233}
		{2BAA668C-3B0B-46DB-9792-448CD7D79BB7} = {4F46447A-857A-4655-92A0-0BBBBE195B7E}
		{7E45F5FB-9948-4114-A0D3-0B00F0E176C3} = {CF4BB0D4-5968-48CE-8891-299CB1242233}
		{25E1800D-3FF5-4BB8-96A2-F7594E1A1E57} = {7E45F5FB-9948-4114-A0D3-0B00F0E176C3}
	EndGlobalSection
	GlobalSection(ExtensibilityGlobals) = postSolution
		SolutionGuid = {EC873EAC-8108-43BF-9551-0C14EE99A556}
	EndGlobalSection
EndGlobal
